{
  "name": "static_2.0",
  "lockfileVersion": 3,
  "requires": true,
  "packages": {
    "": {
      "dependencies": {
        "jsrsasign": "^10.8.3"
      }
    },
    "node_modules/jsrsasign": {
      "version": "10.8.3",
      "resolved": "https://registry.npmjs.org/jsrsasign/-/jsrsasign-10.8.3.tgz",
      "integrity": "sha512-qo4fCYo/doi/JaheOBf5uJ36AkxXxom/C3sQD77uchpasr7CLQCojn2hY4ipO1ob9ypAQFxgV0yWJM0i5E7w/g==",
      "funding": {
        "url": "https://github.com/kjur/jsrsasign#donations"
      }
    }
  }
}
